// !$*UTF8*$!
{
	archiveVersion = 1;
	classes = {
	};
	objectVersion = 46;
	objects = {

/* Begin PBXBuildFile section */
		B51383601A39937100262433 /* main.cpp in Sources */ = {isa = PBXBuildFile; fileRef = B513835F1A39937100262433 /* main.cpp */; };
		B51383681A3993ED00262433 /* client.cpp in Sources */ = {isa = PBXBuildFile; fileRef = B51383661A3993ED00262433 /* client.cpp */; };
		B572697E1A39B45200964EAE /* Socket.cpp in Sources */ = {isa = PBXBuildFile; fileRef = B572697D1A39B45200964EAE /* Socket.cpp */; };
		B57269811A39B46A00964EAE /* Exception.cpp in Sources */ = {isa = PBXBuildFile; fileRef = B57269801A39B46A00964EAE /* Exception.cpp */; };
/* End PBXBuildFile section */

/* Begin PBXCopyFilesBuildPhase section */
		B513835A1A39937100262433 /* CopyFiles */ = {
			isa = PBXCopyFilesBuildPhase;
			buildActionMask = 2147483647;
			dstPath = /usr/share/man/man1/;
			dstSubfolderSpec = 0;
			files = (
			);
			runOnlyForDeploymentPostprocessing = 1;
		};
/* End PBXCopyFilesBuildPhase section */

/* Begin PBXFileReference section */
		B513835C1A39937100262433 /* Server Client */ = {isa = PBXFileReference; explicitFileType = "compiled.mach-o.executable"; includeInIndex = 0; path = "Server Client"; sourceTree = BUILT_PRODUCTS_DIR; };
		B513835F1A39937100262433 /* main.cpp */ = {isa = PBXFileReference; lastKnownFileType = sourcecode.cpp.cpp; path = main.cpp; sourceTree = "<group>"; };
		B51383661A3993ED00262433 /* client.cpp */ = {isa = PBXFileReference; fileEncoding = 4; lastKnownFileType = sourcecode.cpp.cpp; path = client.cpp; sourceTree = "<group>"; };
		B51383671A3993ED00262433 /* client.h */ = {isa = PBXFileReference; fileEncoding = 4; lastKnownFileType = sourcecode.c.h; path = client.h; sourceTree = "<group>"; };
		B572697C1A39B44800964EAE /* Socket.h */ = {isa = PBXFileReference; fileEncoding = 4; lastKnownFileType = sourcecode.c.h; path = Socket.h; sourceTree = "<group>"; };
		B572697D1A39B45200964EAE /* Socket.cpp */ = {isa = PBXFileReference; fileEncoding = 4; lastKnownFileType = sourcecode.cpp.cpp; path = Socket.cpp; sourceTree = "<group>"; };
		B572697F1A39B45F00964EAE /* Exception.h */ = {isa = PBXFileReference; fileEncoding = 4; lastKnownFileType = sourcecode.c.h; path = Exception.h; sourceTree = "<group>"; };
		B57269801A39B46A00964EAE /* Exception.cpp */ = {isa = PBXFileReference; fileEncoding = 4; lastKnownFileType = sourcecode.cpp.cpp; path = Exception.cpp; sourceTree = "<group>"; };
/* End PBXFileReference section */

/* Begin PBXFrameworksBuildPhase section */
		B51383591A39937100262433 /* Frameworks */ = {
			isa = PBXFrameworksBuildPhase;
			buildActionMask = 2147483647;
			files = (
			);
			runOnlyForDeploymentPostprocessing = 0;
		};
/* End PBXFrameworksBuildPhase section */

/* Begin PBXGroup section */
		B51383531A39937100262433 = {
			isa = PBXGroup;
			children = (
				B513835E1A39937100262433 /* Server Client */,
				B513835D1A39937100262433 /* Products */,
			);
			sourceTree = "<group>";
		};
		B513835D1A39937100262433 /* Products */ = {
			isa = PBXGroup;
			children = (
				B513835C1A39937100262433 /* Server Client */,
			);
			name = Products;
			sourceTree = "<group>";
		};
		B513835E1A39937100262433 /* Server Client */ = {
			isa = PBXGroup;
			children = (
				B57269801A39B46A00964EAE /* Exception.cpp */,
				B572697F1A39B45F00964EAE /* Exception.h */,
				B572697D1A39B45200964EAE /* Socket.cpp */,
				B572697C1A39B44800964EAE /* Socket.h */,
				B513835F1A39937100262433 /* main.cpp */,
				B51383661A3993ED00262433 /* client.cpp */,
				B51383671A3993ED00262433 /* client.h */,
			);
			path = "Server Client";
			sourceTree = "<group>";
		};
/* End PBXGroup section */

/* Begin PBXNativeTarget section */
		B513835B1A39937100262433 /* Server Client */ = {
			isa = PBXNativeTarget;
			buildConfigurationList = B51383631A39937100262433 /* Build configuration list for PBXNativeTarget "Server Client" */;
			buildPhases = (
				B51383581A39937100262433 /* Sources */,
				B51383591A39937100262433 /* Frameworks */,
				B513835A1A39937100262433 /* CopyFiles */,
			);
			buildRules = (
			);
			dependencies = (
			);
			name = "Server Client";
			productName = "Server Client";
			productReference = B513835C1A39937100262433 /* Server Client */;
			productType = "com.apple.product-type.tool";
		};
/* End PBXNativeTarget section */

/* Begin PBXProject section */
		B51383541A39937100262433 /* Project object */ = {
			isa = PBXProject;
			attributes = {
				LastUpgradeCheck = 0610;
				ORGANIZATIONNAME = "Maxim Slyusarenko";
				TargetAttributes = {
					B513835B1A39937100262433 = {
						CreatedOnToolsVersion = 6.1.1;
					};
				};
			};
			buildConfigurationList = B51383571A39937100262433 /* Build configuration list for PBXProject "Server Client" */;
			compatibilityVersion = "Xcode 3.2";
			developmentRegion = English;
			hasScannedForEncodings = 0;
			knownRegions = (
				en,
			);
			mainGroup = B51383531A39937100262433;
			productRefGroup = B513835D1A39937100262433 /* Products */;
			projectDirPath = "";
			projectRoot = "";
			targets = (
				B513835B1A39937100262433 /* Server Client */,
			);
		};
/* End PBXProject section */

/* Begin PBXSourcesBuildPhase section */
		B51383581A39937100262433 /* Sources */ = {
			isa = PBXSourcesBuildPhase;
			buildActionMask = 2147483647;
			files = (
				B51383681A3993ED00262433 /* client.cpp in Sources */,
				B57269811A39B46A00964EAE /* Exception.cpp in Sources */,
				B572697E1A39B45200964EAE /* Socket.cpp in Sources */,
				B51383601A39937100262433 /* main.cpp in Sources */,
			);
			runOnlyForDeploymentPostprocessing = 0;
		};
/* End PBXSourcesBuildPhase section */

/* Begin XCBuildConfiguration section */
		B51383611A39937100262433 /* Debug */ = {
			isa = XCBuildConfiguration;
			buildSettings = {
				ALWAYS_SEARCH_USER_PATHS = NO;
				CLANG_CXX_LANGUAGE_STANDARD = "gnu++0x";
				CLANG_CXX_LIBRARY = "libc++";
				CLANG_ENABLE_MODULES = YES;
				CLANG_ENABLE_OBJC_ARC = YES;
				CLANG_WARN_BOOL_CONVERSION = YES;
				CLANG_WARN_CONSTANT_CONVERSION = YES;
				CLANG_WARN_DIRECT_OBJC_ISA_USAGE = YES_ERROR;
				CLANG_WARN_EMPTY_BODY = YES;
				CLANG_WARN_ENUM_CONVERSION = YES;
				CLANG_WARN_INT_CONVERSION = YES;
				CLANG_WARN_OBJC_ROOT_CLASS = YES_ERROR;
				CLANG_WARN_UNREACHABLE_CODE = YES;
				CLANG_WARN__DUPLICATE_METHOD_MATCH = YES;
				COPY_PHASE_STRIP = NO;
				ENABLE_STRICT_OBJC_MSGSEND = YES;
				GCC_C_LANGUAGE_STANDARD = gnu99;
				GCC_DYNAMIC_NO_PIC = NO;
				GCC_OPTIMIZATION_LEVEL = 0;
				GCC_PREPROCESSOR_DEFINITIONS = (
					"DEBUG=1",
					"$(inherited)",
				);
				GCC_SYMBOLS_PRIVATE_EXTERN = NO;
				GCC_WARN_64_TO_32_BIT_CONVERSION = YES;
				GCC_WARN_ABOUT_RETURN_TYPE = YES_ERROR;
				GCC_WARN_UNDECLARED_SELECTOR = YES;
				GCC_WARN_UNINITIALIZED_AUTOS = YES_AGGRESSIVE;
				GCC_WARN_UNUSED_FUNCTION = YES;
				GCC_WARN_UNUSED_VARIABLE = YES;
				MACOSX_DEPLOYMENT_TARGET = 10.9;
				MTL_ENABLE_DEBUG_INFO = YES;
				ONLY_ACTIVE_ARCH = YES;
				SDKROOT = macosx;
			};
			name = Debug;
		};
		B51383621A39937100262433 /* Release */ = {
			isa = XCBuildConfiguration;
			buildSettings = {
				ALWAYS_SEARCH_USER_PATHS = NO;
				CLANG_CXX_LANGUAGE_STANDARD = "gnu++0x";
				CLANG_CXX_LIBRARY = "libc++";
				CLANG_ENABLE_MODULES = YES;
				CLANG_ENABLE_OBJC_ARC = YES;
				CLANG_WARN_BOOL_CONVERSION = YES;
				CLANG_WARN_CONSTANT_CONVERSION = YES;
				CLANG_WARN_DIRECT_OBJC_ISA_USAGE = YES_ERROR;
				CLANG_WARN_EMPTY_BODY = YES;
				CLANG_WARN_ENUM_CONVERSION = YES;
				CLANG_WARN_INT_CONVERSION = YES;
				CLANG_WARN_OBJC_ROOT_CLASS = YES_ERROR;
				CLANG_WARN_UNREACHABLE_CODE = YES;
				CLANG_WARN__DUPLICATE_METHOD_MATCH = YES;
				COPY_PHASE_STRIP = YES;
				DEBUG_INFORMATION_FORMAT = "dwarf-with-dsym";
				ENABLE_NS_ASSERTIONS = NO;
				ENABLE_STRICT_OBJC_MSGSEND = YES;
				GCC_C_LANGUAGE_STANDARD = gnu99;
				GCC_WARN_64_TO_32_BIT_CONVERSION = YES;
				GCC_WARN_ABOUT_RETURN_TYPE = YES_ERROR;
				GCC_WARN_UNDECLARED_SELECTOR = YES;
				GCC_WARN_UNINITIALIZED_AUTOS = YES_AGGRESSIVE;
				GCC_WARN_UNUSED_FUNCTION = YES;
				GCC_WARN_UNUSED_VARIABLE = YES;
				MACOSX_DEPLOYMENT_TARGET = 10.9;
				MTL_ENABLE_DEBUG_INFO = NO;
				SDKROOT = macosx;
			};
			name = Release;
		};
		B51383641A39937100262433 /* Debug */ = {
			isa = XCBuildConfiguration;
			buildSettings = {
				PRODUCT_NAME = "$(TARGET_NAME)";
			};
			name = Debug;
		};
		B51383651A39937100262433 /* Release */ = {
			isa = XCBuildConfiguration;
			buildSettings = {
				PRODUCT_NAME = "$(TARGET_NAME)";
			};
			name = Release;
		};
/* End XCBuildConfiguration section */

/* Begin XCConfigurationList section */
		B51383571A39937100262433 /* Build configuration list for PBXProject "Server Client" */ = {
			isa = XCConfigurationList;
			buildConfigurations = (
				B51383611A39937100262433 /* Debug */,
				B51383621A39937100262433 /* Release */,
			);
			defaultConfigurationIsVisible = 0;
			defaultConfigurationName = Release;
		};
		B51383631A39937100262433 /* Build configuration list for PBXNativeTarget "Server Client" */ = {
			isa = XCConfigurationList;
			buildConfigurations = (
				B51383641A39937100262433 /* Debug */,
				B51383651A39937100262433 /* Release */,
			);
			defaultConfigurationIsVisible = 0;
			defaultConfigurationName = Release;
		};
/* End XCConfigurationList section */
	};
	rootObject = B51383541A39937100262433 /* Project object */;
}
